#MicroXplorer Configuration settings - do not modify
Mcu.Family=STM32F4
PC3.Mode=Full_Duplex_Master
ProjectManager.MainLocation=Core/Src
PA6.Mode=Full_Duplex_Master
USB_DEVICE.CLASS_NAME_FS=CDC
PH0-OSC_IN.Signal=RCC_OSC_IN
RCC.CortexFreq_Value=16000000
ProjectManager.KeepUserCode=true
Mcu.UserName=STM32F405RGTx
SPI1.VirtualType=VM_MASTER
SPI2.VirtualType=VM_MASTER
PB10.Mode=Asynchronous
RCC.PLLCLKFreq_Value=120000000
RCC.PLLQCLKFreq_Value=48000000
ProjectManager.functionlistsort=1-MX_GPIO_Init-GPIO-false-HAL-true,2-SystemClock_Config-RCC-false-HAL-false,3-MX_I2C1_Init-I2C1-false-HAL-true,4-MX_USART3_UART_Init-USART3-false-HAL-true,5-MX_SPI1_Init-SPI1-false-HAL-true,6-MX_USB_DEVICE_Init-USB_DEVICE-false-HAL-false,7-MX_SPI2_Init-SPI2-false-HAL-true,8-MX_CAN1_Init-CAN1-false-HAL-true
PA11.Mode=Device_Only
RCC.RTCFreq_Value=32000
USB_DEVICE.VirtualMode-CDC_FS=Cdc
PB11.Signal=USART3_RX
PB13.Signal=SPI2_SCK
PinOutPanel.RotationAngle=0
ProjectManager.StackSize=0x400
Mcu.IP4=SPI1
Mcu.IP5=SPI2
Mcu.IP2=NVIC
NVIC.SVCall_IRQn=true\:0\:0\:false\:false\:true\:false\:false
Mcu.IP3=RCC
Mcu.IP0=CAN1
Mcu.IP1=I2C1
PA12.Signal=USB_OTG_FS_DP
Mcu.UserConstants=
PA4.Mode=NSS_Signal_Hard_Input
Mcu.ThirdPartyNb=0
SPI1.Direction=SPI_DIRECTION_2LINES
Mcu.IPNb=10
RCC.I2SClocksFreq_Value=160000000
ProjectManager.PreviousToolchain=
PB6.Signal=I2C1_SCL
RCC.VcooutputI2S=160000000
SPI1.CalculateBaudRate=8.0 MBits/s
PB6.Mode=I2C
PC3.Signal=SPI2_MOSI
Mcu.Pin6=PA2
Mcu.Pin7=PA4
Mcu.Pin8=PA5
Mcu.Pin9=PA6
RCC.AHBFreq_Value=16000000
PH0-OSC_IN.Mode=HSE-External-Oscillator
Mcu.Pin0=PH0-OSC_IN
Mcu.Pin1=PH1-OSC_OUT
GPIO.groupedBy=Group By Peripherals
Mcu.Pin2=PC2
Mcu.Pin3=PC3
Mcu.Pin4=PA0-WKUP
Mcu.Pin5=PA1
ProjectManager.ProjectBuild=false
RCC.HSE_VALUE=25000000
NVIC.UsageFault_IRQn=true\:0\:0\:false\:false\:true\:false\:false
NVIC.DebugMonitor_IRQn=true\:0\:0\:false\:false\:true\:false\:false
PB3.Mode=Trace_Asynchronous_SW
NVIC.SysTick_IRQn=true\:0\:0\:false\:false\:true\:false\:true
ProjectManager.FirmwarePackage=STM32Cube FW_F4 V1.25.2
MxDb.Version=DB.6.0.10
ProjectManager.BackupPrevious=false
RCC.VCOInputFreq_Value=1666666.6666666667
PA14.Mode=Trace_Asynchronous_SW
File.Version=6
SPI2.CalculateBaudRate=8.0 MBits/s
PB7.Signal=I2C1_SDA
SPI1.VirtualNSS=VM_NSSHARD
NVIC.PendSV_IRQn=true\:0\:0\:false\:false\:true\:false\:false
ProjectManager.HalAssertFull=false
PB0.Locked=true
ProjectManager.ProjectName=Daedalus CubeMX Project Files
PH1-OSC_OUT.Mode=HSE-External-Oscillator
Mcu.Package=LQFP64
PB9.Signal=CAN1_TX
PA6.Signal=SPI1_MISO
SPI2.Mode=SPI_MODE_MASTER
NVIC.OTG_FS_IRQn=true\:0\:0\:false\:false\:true\:false\:true
ProjectManager.ToolChainLocation=
RCC.LSI_VALUE=32000
VP_SYS_VS_Systick.Signal=SYS_VS_Systick
USART3.IPParameters=VirtualMode
USB_OTG_FS.VirtualMode=Device_Only
PA15.Signal=GPIO_Output
VP_USB_DEVICE_VS_USB_DEVICE_CDC_FS.Signal=USB_DEVICE_VS_USB_DEVICE_CDC_FS
NVIC.BusFault_IRQn=true\:0\:0\:false\:false\:true\:false\:false
SPI2.Direction=SPI_DIRECTION_2LINES
USB_OTG_FS.IPParameters=VirtualMode
PB13.Mode=Full_Duplex_Master
CAN1.CalculateTimeBit=3000.00
ProjectManager.CustomerFirmwarePackage=
PB4.Signal=GPIO_Output
CAN1.CalculateTimeQuantum=1000.0
PA5.Mode=Full_Duplex_Master
PA2.Locked=true
ProjectManager.ProjectFileName=Daedalus CubeMX Project Files.ioc
PA7.Mode=Full_Duplex_Master
Mcu.PinsNb=28
ProjectManager.NoMain=false
SPI1.IPParameters=VirtualType,Mode,Direction,CalculateBaudRate,VirtualNSS
USB_DEVICE.VirtualModeFS=Cdc_FS
CAN1.IPParameters=CalculateTimeQuantum,CalculateTimeBit,CalculateBaudRate
CAN1.CalculateBaudRate=333333
PC2.Signal=SPI2_MISO
ProjectManager.DefaultFWLocation=true
PC2.Mode=Full_Duplex_Master
ProjectManager.DeletePrevious=true
USB_DEVICE.IPParameters=VirtualMode-CDC_FS,VirtualModeFS,CLASS_NAME_FS
RCC.FamilyName=M
PA0-WKUP.Signal=GPIO_Output
PA0-WKUP.Locked=true
PA13.Signal=SYS_JTMS-SWDIO
PA15.Locked=true
PB11.Mode=Asynchronous
ProjectManager.TargetToolchain=EWARM V8.32
VP_USB_DEVICE_VS_USB_DEVICE_CDC_FS.Mode=CDC_FS
PB9.Mode=CAN_Activate
SPI2.IPParameters=VirtualType,Mode,Direction,CalculateBaudRate
ProjectManager.RegisterCallBack=
RCC.LSE_VALUE=32768
PA1.Signal=GPIO_Output
PB10.Signal=USART3_TX
RCC.VCOI2SOutputFreq_Value=320000000
PA5.Signal=SPI1_SCK
board=custom
RCC.VCOOutputFreq_Value=240000000
ProjectManager.LastFirmware=true
RCC.APB2Freq_Value=16000000
MxCube.Version=6.1.1
SPI1.Mode=SPI_MODE_MASTER
VP_SYS_VS_Systick.Mode=SysTick
PH1-OSC_OUT.Signal=RCC_OSC_OUT
NVIC.NonMaskableInt_IRQn=true\:0\:0\:false\:false\:true\:false\:false
PA13.Mode=Trace_Asynchronous_SW
ProjectManager.FreePins=false
RCC.IPParameters=48MHZClocksFreq_Value,AHBFreq_Value,APB1Freq_Value,APB2Freq_Value,CortexFreq_Value,FamilyName,HSE_VALUE,HSI_VALUE,I2SClocksFreq_Value,LSE_VALUE,LSI_VALUE,PLLCLKFreq_Value,PLLM,PLLN,PLLQ,PLLQCLKFreq_Value,RTCFreq_Value,RTCHSEDivFreq_Value,SYSCLKFreq_VALUE,VCOI2SOutputFreq_Value,VCOInputFreq_Value,VCOOutputFreq_Value,VcooutputI2S
ProjectManager.AskForMigrate=true
Mcu.Name=STM32F405RGTx
Mcu.Pin26=VP_SYS_VS_Systick
Mcu.Pin27=VP_USB_DEVICE_VS_USB_DEVICE_CDC_FS
RCC.RTCHSEDivFreq_Value=12500000
Mcu.Pin24=PB8
PA2.Signal=GPIO_Output
ProjectManager.UnderRoot=false
Mcu.Pin25=PB9
Mcu.IP8=USB_DEVICE
Mcu.IP9=USB_OTG_FS
Mcu.IP6=SYS
Mcu.IP7=USART3
ProjectManager.CoupleFile=false
PB4.Locked=true
RCC.48MHZClocksFreq_Value=48000000
PB3.Signal=SYS_JTDO-SWO
PA4.Signal=SPI1_NSS
RCC.SYSCLKFreq_VALUE=16000000
Mcu.Pin22=PB6
Mcu.Pin23=PB7
PA1.Locked=true
Mcu.Pin20=PB3
Mcu.Pin21=PB4
PA12.Mode=Device_Only
NVIC.ForceEnableDMAVector=true
KeepUserPlacement=false
USART3.VirtualMode=VM_ASYNC
NVIC.MemoryManagement_IRQn=true\:0\:0\:false\:false\:true\:false\:false
ProjectManager.CompilerOptimize=6
PB7.Mode=I2C
PA11.Signal=USB_OTG_FS_DM
PA14.Signal=SYS_JTCK-SWCLK
ProjectManager.HeapSize=0x200
Mcu.Pin15=PA11
NVIC.HardFault_IRQn=true\:0\:0\:false\:false\:true\:false\:false
Mcu.Pin16=PA12
Mcu.Pin13=PB11
Mcu.Pin14=PB13
Mcu.Pin19=PA15
ProjectManager.ComputerToolchain=false
Mcu.Pin17=PA13
RCC.HSI_VALUE=16000000
Mcu.Pin18=PA14
RCC.PLLQ=5
NVIC.PriorityGroup=NVIC_PRIORITYGROUP_4
Mcu.Pin11=PB0
Mcu.Pin12=PB10
RCC.PLLM=15
PB8.Mode=CAN_Activate
RCC.PLLN=144
Mcu.Pin10=PA7
PB8.Signal=CAN1_RX
RCC.APB1Freq_Value=16000000
PB0.Signal=GPIO_Output
ProjectManager.DeviceId=STM32F405RGTx
ProjectManager.LibraryCopy=0
PA7.Signal=SPI1_MOSI
